
Microsoft Visual Studio Solution File, Format Version 11.00
# Visual Studio 2010
Project("{8BC9CEB8-8B4A-11D0-8D11-00A0C91BC942}") = "Simpit", "Simpit\Simpit.vcxproj", "{3407978B-F90D-44EA-9FE9-F2275CB5A815}"
EndProject
Project("{8BC9CEB8-8B4A-11D0-8D11-00A0C91BC942}") = "HelperDLL", "HelperDLL\HelperDLL.vcxproj", "{944E0095-C23F-4596-8020-79435BC4B65B}"
EndProject
Global
	GlobalSection(SolutionConfigurationPlatforms) = preSolution
		Debug|Win32 = Debug|Win32
		Release|Win32 = Release|Win32
	EndGlobalSection
	GlobalSection(ProjectConfigurationPlatforms) = postSolution
		{3407978B-F90D-44EA-9FE9-F2275CB5A815}.Debug|Win32.ActiveCfg = Debug|Win32
		{3407978B-F90D-44EA-9FE9-F2275CB5A815}.Debug|Win32.Build.0 = Debug|Win32
		{3407978B-F90D-44EA-9FE9-F2275CB5A815}.Release|Win32.ActiveCfg = Release|Win32
		{3407978B-F90D-44EA-9FE9-F2275CB5A815}.Release|Win32.Build.0 = Release|Win32
		{944E0095-C23F-4596-8020-79435BC4B65B}.Debug|Win32.ActiveCfg = Debug|Win32
		{944E0095-C23F-4596-8020-79435BC4B65B}.Debug|Win32.Build.0 = Debug|Win32
		{944E0095-C23F-4596-8020-79435BC4B65B}.Release|Win32.ActiveCfg = Release|Win32
		{944E0095-C23F-4596-8020-79435BC4B65B}.Release|Win32.Build.0 = Release|Win32
	EndGlobalSection
	GlobalSection(SolutionProperties) = preSolution
		HideSolutionNode = FALSE
	EndGlobalSection
EndGlobal
